
Microsoft Visual Studio Solution File, Format Version 12.00
# Visual Studio Version 17
VisualStudioVersion = 17.11.35222.181
MinimumVisualStudioVersion = 10.0.40219.1
Project("{FAE04EC0-301F-11D3-BF4B-00C04F79EFBC}") = "14-Longest-Common-Prefix", "14-Longest-Common-Prefix.csproj", "{D9B73D87-EB8E-4BF9-BB6C-778C781098C6}"
EndProject
Global
	GlobalSection(SolutionConfigurationPlatforms) = preSolution
		Debug|Any CPU = Debug|Any CPU
		Release|Any CPU = Release|Any CPU
	EndGlobalSection
	GlobalSection(ProjectConfigurationPlatforms) = postSolution
		{D9B73D87-EB8E-4BF9-BB6C-778C781098C6}.Debug|Any CPU.ActiveCfg = Debug|Any CPU
		{D9B73D87-EB8E-4BF9-BB6C-778C781098C6}.Debug|Any CPU.Build.0 = Debug|Any CPU
		{D9B73D87-EB8E-4BF9-BB6C-778C781098C6}.Release|Any CPU.ActiveCfg = Release|Any CPU
		{D9B73D87-EB8E-4BF9-BB6C-778C781098C6}.Release|Any CPU.Build.0 = Release|Any CPU
	EndGlobalSection
	GlobalSection(SolutionProperties) = preSolution
		HideSolutionNode = FALSE
	EndGlobalSection
	GlobalSection(ExtensibilityGlobals) = postSolution
		SolutionGuid = {17C4F65B-7760-47E6-9E9B-42C746DBE57C}
	EndGlobalSection
EndGlobal
