
Microsoft Visual Studio Solution File, Format Version 12.00
# Visual Studio Version 17
VisualStudioVersion = 17.11.35222.181
MinimumVisualStudioVersion = 10.0.40219.1
Project("{FAE04EC0-301F-11D3-BF4B-00C04F79EFBC}") = "151-Reverse-Words-In-a-String", "151-Reverse-Words-In-a-String.csproj", "{A59F9822-E545-4EF3-BA11-0ECB19AA51E0}"
EndProject
Global
	GlobalSection(SolutionConfigurationPlatforms) = preSolution
		Debug|Any CPU = Debug|Any CPU
		Release|Any CPU = Release|Any CPU
	EndGlobalSection
	GlobalSection(ProjectConfigurationPlatforms) = postSolution
		{A59F9822-E545-4EF3-BA11-0ECB19AA51E0}.Debug|Any CPU.ActiveCfg = Debug|Any CPU
		{A59F9822-E545-4EF3-BA11-0ECB19AA51E0}.Debug|Any CPU.Build.0 = Debug|Any CPU
		{A59F9822-E545-4EF3-BA11-0ECB19AA51E0}.Release|Any CPU.ActiveCfg = Release|Any CPU
		{A59F9822-E545-4EF3-BA11-0ECB19AA51E0}.Release|Any CPU.Build.0 = Release|Any CPU
	EndGlobalSection
	GlobalSection(SolutionProperties) = preSolution
		HideSolutionNode = FALSE
	EndGlobalSection
	GlobalSection(ExtensibilityGlobals) = postSolution
		SolutionGuid = {F04DEF79-03DA-4214-AB8C-9559354D82EA}
	EndGlobalSection
EndGlobal
