
Microsoft Visual Studio Solution File, Format Version 12.00
# Visual Studio Version 17
VisualStudioVersion = 17.11.35222.181
MinimumVisualStudioVersion = 10.0.40219.1
Project("{FAE04EC0-301F-11D3-BF4B-00C04F79EFBC}") = "001_Palindrome_Number", "001_Palindrome_Number.csproj", "{AFC0B490-69AB-4D02-8584-B84DA4874FF8}"
EndProject
Global
	GlobalSection(SolutionConfigurationPlatforms) = preSolution
		Debug|Any CPU = Debug|Any CPU
		Release|Any CPU = Release|Any CPU
	EndGlobalSection
	GlobalSection(ProjectConfigurationPlatforms) = postSolution
		{AFC0B490-69AB-4D02-8584-B84DA4874FF8}.Debug|Any CPU.ActiveCfg = Debug|Any CPU
		{AFC0B490-69AB-4D02-8584-B84DA4874FF8}.Debug|Any CPU.Build.0 = Debug|Any CPU
		{AFC0B490-69AB-4D02-8584-B84DA4874FF8}.Release|Any CPU.ActiveCfg = Release|Any CPU
		{AFC0B490-69AB-4D02-8584-B84DA4874FF8}.Release|Any CPU.Build.0 = Release|Any CPU
	EndGlobalSection
	GlobalSection(SolutionProperties) = preSolution
		HideSolutionNode = FALSE
	EndGlobalSection
	GlobalSection(ExtensibilityGlobals) = postSolution
		SolutionGuid = {2CB4B25B-ADF5-453D-B689-1E2D377A59F1}
	EndGlobalSection
EndGlobal
