
Microsoft Visual Studio Solution File, Format Version 12.00
# Visual Studio Version 17
VisualStudioVersion = 17.11.35222.181
MinimumVisualStudioVersion = 10.0.40219.1
Project("{FAE04EC0-301F-11D3-BF4B-00C04F79EFBC}") = "002_String_to_Integer_atoi", "002_String_to_Integer_atoi.csproj", "{35F94332-B0F5-40E7-8B8A-E25DDD2CEB96}"
EndProject
Global
	GlobalSection(SolutionConfigurationPlatforms) = preSolution
		Debug|Any CPU = Debug|Any CPU
		Release|Any CPU = Release|Any CPU
	EndGlobalSection
	GlobalSection(ProjectConfigurationPlatforms) = postSolution
		{35F94332-B0F5-40E7-8B8A-E25DDD2CEB96}.Debug|Any CPU.ActiveCfg = Debug|Any CPU
		{35F94332-B0F5-40E7-8B8A-E25DDD2CEB96}.Debug|Any CPU.Build.0 = Debug|Any CPU
		{35F94332-B0F5-40E7-8B8A-E25DDD2CEB96}.Release|Any CPU.ActiveCfg = Release|Any CPU
		{35F94332-B0F5-40E7-8B8A-E25DDD2CEB96}.Release|Any CPU.Build.0 = Release|Any CPU
	EndGlobalSection
	GlobalSection(SolutionProperties) = preSolution
		HideSolutionNode = FALSE
	EndGlobalSection
	GlobalSection(ExtensibilityGlobals) = postSolution
		SolutionGuid = {B2FDC2BC-F7D7-4408-9593-AAAF7C2E4E12}
	EndGlobalSection
EndGlobal
